// !$*UTF8*$!
{
	archiveVersion = 1;
	classes = {
	};
	objectVersion = 56;
	objects = {

/* Begin PBXBuildFile section */
		F003E9AF2B083DA1000919F4 /* AddWordView.swift in Sources */ = {isa = PBXBuildFile; fileRef = F003E9AE2B083DA1000919F4 /* AddWordView.swift */; };
		F003E9B12B084C74000919F4 /* NavDestination.swift in Sources */ = {isa = PBXBuildFile; fileRef = F003E9B02B084C74000919F4 /* NavDestination.swift */; };
		F00E955E2B082CBC008FD1C8 /* PronouncerApp.swift in Sources */ = {isa = PBXBuildFile; fileRef = F00E955D2B082CBC008FD1C8 /* PronouncerApp.swift */; };
		F00E95602B082CBC008FD1C8 /* ContentView.swift in Sources */ = {isa = PBXBuildFile; fileRef = F00E955F2B082CBC008FD1C8 /* ContentView.swift */; };
		F00E95622B082CBE008FD1C8 /* Assets.xcassets in Resources */ = {isa = PBXBuildFile; fileRef = F00E95612B082CBE008FD1C8 /* Assets.xcassets */; };
		F00E95652B082CBE008FD1C8 /* Preview Assets.xcassets in Resources */ = {isa = PBXBuildFile; fileRef = F00E95642B082CBE008FD1C8 /* Preview Assets.xcassets */; };
		F00E956F2B082CBE008FD1C8 /* PronouncerTests.swift in Sources */ = {isa = PBXBuildFile; fileRef = F00E956E2B082CBE008FD1C8 /* PronouncerTests.swift */; };
		F00E95792B082CBE008FD1C8 /* PronouncerUITests.swift in Sources */ = {isa = PBXBuildFile; fileRef = F00E95782B082CBE008FD1C8 /* PronouncerUITests.swift */; };
		F00E957B2B082CBE008FD1C8 /* PronouncerUITestsLaunchTests.swift in Sources */ = {isa = PBXBuildFile; fileRef = F00E957A2B082CBE008FD1C8 /* PronouncerUITestsLaunchTests.swift */; };
		F00E958C2B082D7A008FD1C8 /* APIManager.swift in Sources */ = {isa = PBXBuildFile; fileRef = F00E958B2B082D7A008FD1C8 /* APIManager.swift */; };
		F00E958E2B082D90008FD1C8 /* DefinitionManager.swift in Sources */ = {isa = PBXBuildFile; fileRef = F00E958D2B082D90008FD1C8 /* DefinitionManager.swift */; };
		F00E95902B082DAA008FD1C8 /* WordModel.swift in Sources */ = {isa = PBXBuildFile; fileRef = F00E958F2B082DAA008FD1C8 /* WordModel.swift */; };
		F00E95922B082DC8008FD1C8 /* DefinitionViewModel.swift in Sources */ = {isa = PBXBuildFile; fileRef = F00E95912B082DC8008FD1C8 /* DefinitionViewModel.swift */; };
		F00E95942B082DF5008FD1C8 /* PronounceViewModel.swift in Sources */ = {isa = PBXBuildFile; fileRef = F00E95932B082DF5008FD1C8 /* PronounceViewModel.swift */; };
		F00E95962B082E0F008FD1C8 /* WordTabViewModel.swift in Sources */ = {isa = PBXBuildFile; fileRef = F00E95952B082E0F008FD1C8 /* WordTabViewModel.swift */; };
/* End PBXBuildFile section */

/* Begin PBXContainerItemProxy section */
		F00E956B2B082CBE008FD1C8 /* PBXContainerItemProxy */ = {
			isa = PBXContainerItemProxy;
			containerPortal = F00E95522B082CBC008FD1C8 /* Project object */;
			proxyType = 1;
			remoteGlobalIDString = F00E95592B082CBC008FD1C8;
			remoteInfo = Pronouncer;
		};
		F00E95752B082CBE008FD1C8 /* PBXContainerItemProxy */ = {
			isa = PBXContainerItemProxy;
			containerPortal = F00E95522B082CBC008FD1C8 /* Project object */;
			proxyType = 1;
			remoteGlobalIDString = F00E95592B082CBC008FD1C8;
			remoteInfo = Pronouncer;
		};
/* End PBXContainerItemProxy section */

/* Begin PBXFileReference section */
		F003E9AE2B083DA1000919F4 /* AddWordView.swift */ = {isa = PBXFileReference; lastKnownFileType = sourcecode.swift; path = AddWordView.swift; sourceTree = "<group>"; };
		F003E9B02B084C74000919F4 /* NavDestination.swift */ = {isa = PBXFileReference; lastKnownFileType = sourcecode.swift; path = NavDestination.swift; sourceTree = "<group>"; };
		F00E955A2B082CBC008FD1C8 /* Pronouncer.app */ = {isa = PBXFileReference; explicitFileType = wrapper.application; includeInIndex = 0; path = Pronouncer.app; sourceTree = BUILT_PRODUCTS_DIR; };
		F00E955D2B082CBC008FD1C8 /* PronouncerApp.swift */ = {isa = PBXFileReference; lastKnownFileType = sourcecode.swift; path = PronouncerApp.swift; sourceTree = "<group>"; };
		F00E955F2B082CBC008FD1C8 /* ContentView.swift */ = {isa = PBXFileReference; lastKnownFileType = sourcecode.swift; path = ContentView.swift; sourceTree = "<group>"; };
		F00E95612B082CBE008FD1C8 /* Assets.xcassets */ = {isa = PBXFileReference; lastKnownFileType = folder.assetcatalog; path = Assets.xcassets; sourceTree = "<group>"; };
		F00E95642B082CBE008FD1C8 /* Preview Assets.xcassets */ = {isa = PBXFileReference; lastKnownFileType = folder.assetcatalog; path = "Preview Assets.xcassets"; sourceTree = "<group>"; };
		F00E956A2B082CBE008FD1C8 /* PronouncerTests.xctest */ = {isa = PBXFileReference; explicitFileType = wrapper.cfbundle; includeInIndex = 0; path = PronouncerTests.xctest; sourceTree = BUILT_PRODUCTS_DIR; };
		F00E956E2B082CBE008FD1C8 /* PronouncerTests.swift */ = {isa = PBXFileReference; lastKnownFileType = sourcecode.swift; path = PronouncerTests.swift; sourceTree = "<group>"; };
		F00E95742B082CBE008FD1C8 /* PronouncerUITests.xctest */ = {isa = PBXFileReference; explicitFileType = wrapper.cfbundle; includeInIndex = 0; path = PronouncerUITests.xctest; sourceTree = BUILT_PRODUCTS_DIR; };
		F00E95782B082CBE008FD1C8 /* PronouncerUITests.swift */ = {isa = PBXFileReference; lastKnownFileType = sourcecode.swift; path = PronouncerUITests.swift; sourceTree = "<group>"; };
		F00E957A2B082CBE008FD1C8 /* PronouncerUITestsLaunchTests.swift */ = {isa = PBXFileReference; lastKnownFileType = sourcecode.swift; path = PronouncerUITestsLaunchTests.swift; sourceTree = "<group>"; };
		F00E958B2B082D7A008FD1C8 /* APIManager.swift */ = {isa = PBXFileReference; lastKnownFileType = sourcecode.swift; path = APIManager.swift; sourceTree = "<group>"; };
		F00E958D2B082D90008FD1C8 /* DefinitionManager.swift */ = {isa = PBXFileReference; lastKnownFileType = sourcecode.swift; path = DefinitionManager.swift; sourceTree = "<group>"; };
		F00E958F2B082DAA008FD1C8 /* WordModel.swift */ = {isa = PBXFileReference; lastKnownFileType = sourcecode.swift; path = WordModel.swift; sourceTree = "<group>"; };
		F00E95912B082DC8008FD1C8 /* DefinitionViewModel.swift */ = {isa = PBXFileReference; lastKnownFileType = sourcecode.swift; path = DefinitionViewModel.swift; sourceTree = "<group>"; };
		F00E95932B082DF5008FD1C8 /* PronounceViewModel.swift */ = {isa = PBXFileReference; lastKnownFileType = sourcecode.swift; path = PronounceViewModel.swift; sourceTree = "<group>"; };
		F00E95952B082E0F008FD1C8 /* WordTabViewModel.swift */ = {isa = PBXFileReference; lastKnownFileType = sourcecode.swift; path = WordTabViewModel.swift; sourceTree = "<group>"; };
/* End PBXFileReference section */

/* Begin PBXFrameworksBuildPhase section */
		F00E95572B082CBC008FD1C8 /* Frameworks */ = {
			isa = PBXFrameworksBuildPhase;
			buildActionMask = 2147483647;
			files = (
			);
			runOnlyForDeploymentPostprocessing = 0;
		};
		F00E95672B082CBE008FD1C8 /* Frameworks */ = {
			isa = PBXFrameworksBuildPhase;
			buildActionMask = 2147483647;
			files = (
			);
			runOnlyForDeploymentPostprocessing = 0;
		};
		F00E95712B082CBE008FD1C8 /* Frameworks */ = {
			isa = PBXFrameworksBuildPhase;
			buildActionMask = 2147483647;
			files = (
			);
			runOnlyForDeploymentPostprocessing = 0;
		};
/* End PBXFrameworksBuildPhase section */

/* Begin PBXGroup section */
		F00E95512B082CBC008FD1C8 = {
			isa = PBXGroup;
			children = (
				F00E955C2B082CBC008FD1C8 /* Pronouncer */,
				F00E956D2B082CBE008FD1C8 /* PronouncerTests */,
				F00E95772B082CBE008FD1C8 /* PronouncerUITests */,
				F00E955B2B082CBC008FD1C8 /* Products */,
			);
			sourceTree = "<group>";
		};
		F00E955B2B082CBC008FD1C8 /* Products */ = {
			isa = PBXGroup;
			children = (
				F00E955A2B082CBC008FD1C8 /* Pronouncer.app */,
				F00E956A2B082CBE008FD1C8 /* PronouncerTests.xctest */,
				F00E95742B082CBE008FD1C8 /* PronouncerUITests.xctest */,
			);
			name = Products;
			sourceTree = "<group>";
		};
		F00E955C2B082CBC008FD1C8 /* Pronouncer */ = {
			isa = PBXGroup;
			children = (
				F00E955D2B082CBC008FD1C8 /* PronouncerApp.swift */,
				F00E958A2B082D3E008FD1C8 /* Services */,
				F00E95882B082CFE008FD1C8 /* Views */,
				F00E95872B082CF0008FD1C8 /* Models */,
				F00E95892B082D16008FD1C8 /* ViewModels */,
				F00E95612B082CBE008FD1C8 /* Assets.xcassets */,
				F00E95632B082CBE008FD1C8 /* Preview Content */,
			);
			path = Pronouncer;
			sourceTree = "<group>";
		};
		F00E95632B082CBE008FD1C8 /* Preview Content */ = {
			isa = PBXGroup;
			children = (
				F00E95642B082CBE008FD1C8 /* Preview Assets.xcassets */,
			);
			path = "Preview Content";
			sourceTree = "<group>";
		};
		F00E956D2B082CBE008FD1C8 /* PronouncerTests */ = {
			isa = PBXGroup;
			children = (
				F00E956E2B082CBE008FD1C8 /* PronouncerTests.swift */,
			);
			path = PronouncerTests;
			sourceTree = "<group>";
		};
		F00E95772B082CBE008FD1C8 /* PronouncerUITests */ = {
			isa = PBXGroup;
			children = (
				F00E95782B082CBE008FD1C8 /* PronouncerUITests.swift */,
				F00E957A2B082CBE008FD1C8 /* PronouncerUITestsLaunchTests.swift */,
			);
			path = PronouncerUITests;
			sourceTree = "<group>";
		};
		F00E95872B082CF0008FD1C8 /* Models */ = {
			isa = PBXGroup;
			children = (
				F00E958F2B082DAA008FD1C8 /* WordModel.swift */,
			);
			path = Models;
			sourceTree = "<group>";
		};
		F00E95882B082CFE008FD1C8 /* Views */ = {
			isa = PBXGroup;
			children = (
				F00E955F2B082CBC008FD1C8 /* ContentView.swift */,
				F003E9AE2B083DA1000919F4 /* AddWordView.swift */,
			);
			path = Views;
			sourceTree = "<group>";
		};
		F00E95892B082D16008FD1C8 /* ViewModels */ = {
			isa = PBXGroup;
			children = (
				F00E95912B082DC8008FD1C8 /* DefinitionViewModel.swift */,
				F00E95932B082DF5008FD1C8 /* PronounceViewModel.swift */,
				F00E95952B082E0F008FD1C8 /* WordTabViewModel.swift */,
			);
			path = ViewModels;
			sourceTree = "<group>";
		};
		F00E958A2B082D3E008FD1C8 /* Services */ = {
			isa = PBXGroup;
			children = (
				F00E958B2B082D7A008FD1C8 /* APIManager.swift */,
				F003E9B02B084C74000919F4 /* NavDestination.swift */,
				F00E958D2B082D90008FD1C8 /* DefinitionManager.swift */,
			);
			path = Services;
			sourceTree = "<group>";
		};
/* End PBXGroup section */

/* Begin PBXNativeTarget section */
		F00E95592B082CBC008FD1C8 /* Pronouncer */ = {
			isa = PBXNativeTarget;
			buildConfigurationList = F00E957E2B082CBE008FD1C8 /* Build configuration list for PBXNativeTarget "Pronouncer" */;
			buildPhases = (
				F00E95562B082CBC008FD1C8 /* Sources */,
				F00E95572B082CBC008FD1C8 /* Frameworks */,
				F00E95582B082CBC008FD1C8 /* Resources */,
			);
			buildRules = (
			);
			dependencies = (
			);
			name = Pronouncer;
			productName = Pronouncer;
			productReference = F00E955A2B082CBC008FD1C8 /* Pronouncer.app */;
			productType = "com.apple.product-type.application";
		};
		F00E95692B082CBE008FD1C8 /* PronouncerTests */ = {
			isa = PBXNativeTarget;
			buildConfigurationList = F00E95812B082CBE008FD1C8 /* Build configuration list for PBXNativeTarget "PronouncerTests" */;
			buildPhases = (
				F00E95662B082CBE008FD1C8 /* Sources */,
				F00E95672B082CBE008FD1C8 /* Frameworks */,
				F00E95682B082CBE008FD1C8 /* Resources */,
			);
			buildRules = (
			);
			dependencies = (
				F00E956C2B082CBE008FD1C8 /* PBXTargetDependency */,
			);
			name = PronouncerTests;
			productName = PronouncerTests;
			productReference = F00E956A2B082CBE008FD1C8 /* PronouncerTests.xctest */;
			productType = "com.apple.product-type.bundle.unit-test";
		};
		F00E95732B082CBE008FD1C8 /* PronouncerUITests */ = {
			isa = PBXNativeTarget;
			buildConfigurationList = F00E95842B082CBE008FD1C8 /* Build configuration list for PBXNativeTarget "PronouncerUITests" */;
			buildPhases = (
				F00E95702B082CBE008FD1C8 /* Sources */,
				F00E95712B082CBE008FD1C8 /* Frameworks */,
				F00E95722B082CBE008FD1C8 /* Resources */,
			);
			buildRules = (
			);
			dependencies = (
				F00E95762B082CBE008FD1C8 /* PBXTargetDependency */,
			);
			name = PronouncerUITests;
			productName = PronouncerUITests;
			productReference = F00E95742B082CBE008FD1C8 /* PronouncerUITests.xctest */;
			productType = "com.apple.product-type.bundle.ui-testing";
		};
/* End PBXNativeTarget section */

/* Begin PBXProject section */
		F00E95522B082CBC008FD1C8 /* Project object */ = {
			isa = PBXProject;
			attributes = {
				BuildIndependentTargetsInParallel = 1;
				LastSwiftUpdateCheck = 1500;
				LastUpgradeCheck = 1500;
				TargetAttributes = {
					F00E95592B082CBC008FD1C8 = {
						CreatedOnToolsVersion = 15.0.1;
					};
					F00E95692B082CBE008FD1C8 = {
						CreatedOnToolsVersion = 15.0.1;
						TestTargetID = F00E95592B082CBC008FD1C8;
					};
					F00E95732B082CBE008FD1C8 = {
						CreatedOnToolsVersion = 15.0.1;
						TestTargetID = F00E95592B082CBC008FD1C8;
					};
				};
			};
			buildConfigurationList = F00E95552B082CBC008FD1C8 /* Build configuration list for PBXProject "Pronouncer" */;
			compatibilityVersion = "Xcode 14.0";
			developmentRegion = en;
			hasScannedForEncodings = 0;
			knownRegions = (
				en,
				Base,
			);
			mainGroup = F00E95512B082CBC008FD1C8;
			productRefGroup = F00E955B2B082CBC008FD1C8 /* Products */;
			projectDirPath = "";
			projectRoot = "";
			targets = (
				F00E95592B082CBC008FD1C8 /* Pronouncer */,
				F00E95692B082CBE008FD1C8 /* PronouncerTests */,
				F00E95732B082CBE008FD1C8 /* PronouncerUITests */,
			);
		};
/* End PBXProject section */

/* Begin PBXResourcesBuildPhase section */
		F00E95582B082CBC008FD1C8 /* Resources */ = {
			isa = PBXResourcesBuildPhase;
			buildActionMask = 2147483647;
			files = (
				F00E95652B082CBE008FD1C8 /* Preview Assets.xcassets in Resources */,
				F00E95622B082CBE008FD1C8 /* Assets.xcassets in Resources */,
			);
			runOnlyForDeploymentPostprocessing = 0;
		};
		F00E95682B082CBE008FD1C8 /* Resources */ = {
			isa = PBXResourcesBuildPhase;
			buildActionMask = 2147483647;
			files = (
			);
			runOnlyForDeploymentPostprocessing = 0;
		};
		F00E95722B082CBE008FD1C8 /* Resources */ = {
			isa = PBXResourcesBuildPhase;
			buildActionMask = 2147483647;
			files = (
			);
			runOnlyForDeploymentPostprocessing = 0;
		};
/* End PBXResourcesBuildPhase section */

/* Begin PBXSourcesBuildPhase section */
		F00E95562B082CBC008FD1C8 /* Sources */ = {
			isa = PBXSourcesBuildPhase;
			buildActionMask = 2147483647;
			files = (
				F003E9B12B084C74000919F4 /* NavDestination.swift in Sources */,
				F00E95962B082E0F008FD1C8 /* WordTabViewModel.swift in Sources */,
				F00E958C2B082D7A008FD1C8 /* APIManager.swift in Sources */,
				F00E95602B082CBC008FD1C8 /* ContentView.swift in Sources */,
				F00E958E2B082D90008FD1C8 /* DefinitionManager.swift in Sources */,
				F00E95922B082DC8008FD1C8 /* DefinitionViewModel.swift in Sources */,
				F003E9AF2B083DA1000919F4 /* AddWordView.swift in Sources */,
				F00E95942B082DF5008FD1C8 /* PronounceViewModel.swift in Sources */,
				F00E955E2B082CBC008FD1C8 /* PronouncerApp.swift in Sources */,
				F00E95902B082DAA008FD1C8 /* WordModel.swift in Sources */,
			);
			runOnlyForDeploymentPostprocessing = 0;
		};
		F00E95662B082CBE008FD1C8 /* Sources */ = {
			isa = PBXSourcesBuildPhase;
			buildActionMask = 2147483647;
			files = (
				F00E956F2B082CBE008FD1C8 /* PronouncerTests.swift in Sources */,
			);
			runOnlyForDeploymentPostprocessing = 0;
		};
		F00E95702B082CBE008FD1C8 /* Sources */ = {
			isa = PBXSourcesBuildPhase;
			buildActionMask = 2147483647;
			files = (
				F00E95792B082CBE008FD1C8 /* PronouncerUITests.swift in Sources */,
				F00E957B2B082CBE008FD1C8 /* PronouncerUITestsLaunchTests.swift in Sources */,
			);
			runOnlyForDeploymentPostprocessing = 0;
		};
/* End PBXSourcesBuildPhase section */

/* Begin PBXTargetDependency section */
		F00E956C2B082CBE008FD1C8 /* PBXTargetDependency */ = {
			isa = PBXTargetDependency;
			target = F00E95592B082CBC008FD1C8 /* Pronouncer */;
			targetProxy = F00E956B2B082CBE008FD1C8 /* PBXContainerItemProxy */;
		};
		F00E95762B082CBE008FD1C8 /* PBXTargetDependency */ = {
			isa = PBXTargetDependency;
			target = F00E95592B082CBC008FD1C8 /* Pronouncer */;
			targetProxy = F00E95752B082CBE008FD1C8 /* PBXContainerItemProxy */;
		};
/* End PBXTargetDependency section */

/* Begin XCBuildConfiguration section */
		F00E957C2B082CBE008FD1C8 /* Debug */ = {
			isa = XCBuildConfiguration;
			buildSettings = {
				ALWAYS_SEARCH_USER_PATHS = NO;
				ASSETCATALOG_COMPILER_GENERATE_SWIFT_ASSET_SYMBOL_EXTENSIONS = YES;
				CLANG_ANALYZER_NONNULL = YES;
				CLANG_ANALYZER_NUMBER_OBJECT_CONVERSION = YES_AGGRESSIVE;
				CLANG_CXX_LANGUAGE_STANDARD = "gnu++20";
				CLANG_ENABLE_MODULES = YES;
				CLANG_ENABLE_OBJC_ARC = YES;
				CLANG_ENABLE_OBJC_WEAK = YES;
				CLANG_WARN_BLOCK_CAPTURE_AUTORELEASING = YES;
				CLANG_WARN_BOOL_CONVERSION = YES;
				CLANG_WARN_COMMA = YES;
				CLANG_WARN_CONSTANT_CONVERSION = YES;
				CLANG_WARN_DEPRECATED_OBJC_IMPLEMENTATIONS = YES;
				CLANG_WARN_DIRECT_OBJC_ISA_USAGE = YES_ERROR;
				CLANG_WARN_DOCUMENTATION_COMMENTS = YES;
				CLANG_WARN_EMPTY_BODY = YES;
				CLANG_WARN_ENUM_CONVERSION = YES;
				CLANG_WARN_INFINITE_RECURSION = YES;
				CLANG_WARN_INT_CONVERSION = YES;
				CLANG_WARN_NON_LITERAL_NULL_CONVERSION = YES;
				CLANG_WARN_OBJC_IMPLICIT_RETAIN_SELF = YES;
				CLANG_WARN_OBJC_LITERAL_CONVERSION = YES;
				CLANG_WARN_OBJC_ROOT_CLASS = YES_ERROR;
				CLANG_WARN_QUOTED_INCLUDE_IN_FRAMEWORK_HEADER = YES;
				CLANG_WARN_RANGE_LOOP_ANALYSIS = YES;
				CLANG_WARN_STRICT_PROTOTYPES = YES;
				CLANG_WARN_SUSPICIOUS_MOVE = YES;
				CLANG_WARN_UNGUARDED_AVAILABILITY = YES_AGGRESSIVE;
				CLANG_WARN_UNREACHABLE_CODE = YES;
				CLANG_WARN__DUPLICATE_METHOD_MATCH = YES;
				COPY_PHASE_STRIP = NO;
				DEBUG_INFORMATION_FORMAT = dwarf;
				ENABLE_STRICT_OBJC_MSGSEND = YES;
				ENABLE_TESTABILITY = YES;
				ENABLE_USER_SCRIPT_SANDBOXING = YES;
				GCC_C_LANGUAGE_STANDARD = gnu17;
				GCC_DYNAMIC_NO_PIC = NO;
				GCC_NO_COMMON_BLOCKS = YES;
				GCC_OPTIMIZATION_LEVEL = 0;
				GCC_PREPROCESSOR_DEFINITIONS = (
					"DEBUG=1",
					"$(inherited)",
				);
				GCC_WARN_64_TO_32_BIT_CONVERSION = YES;
				GCC_WARN_ABOUT_RETURN_TYPE = YES_ERROR;
				GCC_WARN_UNDECLARED_SELECTOR = YES;
				GCC_WARN_UNINITIALIZED_AUTOS = YES_AGGRESSIVE;
				GCC_WARN_UNUSED_FUNCTION = YES;
				GCC_WARN_UNUSED_VARIABLE = YES;
				IPHONEOS_DEPLOYMENT_TARGET = 17.0;
				LOCALIZATION_PREFERS_STRING_CATALOGS = YES;
				MTL_ENABLE_DEBUG_INFO = INCLUDE_SOURCE;
				MTL_FAST_MATH = YES;
				ONLY_ACTIVE_ARCH = YES;
				SDKROOT = iphoneos;
				SWIFT_ACTIVE_COMPILATION_CONDITIONS = "DEBUG $(inherited)";
				SWIFT_OPTIMIZATION_LEVEL = "-Onone";
			};
			name = Debug;
		};
		F00E957D2B082CBE008FD1C8 /* Release */ = {
			isa = XCBuildConfiguration;
			buildSettings = {
				ALWAYS_SEARCH_USER_PATHS = NO;
				ASSETCATALOG_COMPILER_GENERATE_SWIFT_ASSET_SYMBOL_EXTENSIONS = YES;
				CLANG_ANALYZER_NONNULL = YES;
				CLANG_ANALYZER_NUMBER_OBJECT_CONVERSION = YES_AGGRESSIVE;
				CLANG_CXX_LANGUAGE_STANDARD = "gnu++20";
				CLANG_ENABLE_MODULES = YES;
				CLANG_ENABLE_OBJC_ARC = YES;
				CLANG_ENABLE_OBJC_WEAK = YES;
				CLANG_WARN_BLOCK_CAPTURE_AUTORELEASING = YES;
				CLANG_WARN_BOOL_CONVERSION = YES;
				CLANG_WARN_COMMA = YES;
				CLANG_WARN_CONSTANT_CONVERSION = YES;
				CLANG_WARN_DEPRECATED_OBJC_IMPLEMENTATIONS = YES;
				CLANG_WARN_DIRECT_OBJC_ISA_USAGE = YES_ERROR;
				CLANG_WARN_DOCUMENTATION_COMMENTS = YES;
				CLANG_WARN_EMPTY_BODY = YES;
				CLANG_WARN_ENUM_CONVERSION = YES;
				CLANG_WARN_INFINITE_RECURSION = YES;
				CLANG_WARN_INT_CONVERSION = YES;
				CLANG_WARN_NON_LITERAL_NULL_CONVERSION = YES;
				CLANG_WARN_OBJC_IMPLICIT_RETAIN_SELF = YES;
				CLANG_WARN_OBJC_LITERAL_CONVERSION = YES;
				CLANG_WARN_OBJC_ROOT_CLASS = YES_ERROR;
				CLANG_WARN_QUOTED_INCLUDE_IN_FRAMEWORK_HEADER = YES;
				CLANG_WARN_RANGE_LOOP_ANALYSIS = YES;
				CLANG_WARN_STRICT_PROTOTYPES = YES;
				CLANG_WARN_SUSPICIOUS_MOVE = YES;
				CLANG_WARN_UNGUARDED_AVAILABILITY = YES_AGGRESSIVE;
				CLANG_WARN_UNREACHABLE_CODE = YES;
				CLANG_WARN__DUPLICATE_METHOD_MATCH = YES;
				COPY_PHASE_STRIP = NO;
				DEBUG_INFORMATION_FORMAT = "dwarf-with-dsym";
				ENABLE_NS_ASSERTIONS = NO;
				ENABLE_STRICT_OBJC_MSGSEND = YES;
				ENABLE_USER_SCRIPT_SANDBOXING = YES;
				GCC_C_LANGUAGE_STANDARD = gnu17;
				GCC_NO_COMMON_BLOCKS = YES;
				GCC_WARN_64_TO_32_BIT_CONVERSION = YES;
				GCC_WARN_ABOUT_RETURN_TYPE = YES_ERROR;
				GCC_WARN_UNDECLARED_SELECTOR = YES;
				GCC_WARN_UNINITIALIZED_AUTOS = YES_AGGRESSIVE;
				GCC_WARN_UNUSED_FUNCTION = YES;
				GCC_WARN_UNUSED_VARIABLE = YES;
				IPHONEOS_DEPLOYMENT_TARGET = 17.0;
				LOCALIZATION_PREFERS_STRING_CATALOGS = YES;
				MTL_ENABLE_DEBUG_INFO = NO;
				MTL_FAST_MATH = YES;
				SDKROOT = iphoneos;
				SWIFT_COMPILATION_MODE = wholemodule;
				VALIDATE_PRODUCT = YES;
			};
			name = Release;
		};
		F00E957F2B082CBE008FD1C8 /* Debug */ = {
			isa = XCBuildConfiguration;
			buildSettings = {
				ASSETCATALOG_COMPILER_APPICON_NAME = AppIcon;
				ASSETCATALOG_COMPILER_GLOBAL_ACCENT_COLOR_NAME = AccentColor;
				CODE_SIGN_STYLE = Automatic;
				CURRENT_PROJECT_VERSION = 1;
				DEVELOPMENT_ASSET_PATHS = "\"Pronouncer/Preview Content\"";
				DEVELOPMENT_TEAM = 7LSP43VWW5;
				ENABLE_PREVIEWS = YES;
				GENERATE_INFOPLIST_FILE = YES;
				INFOPLIST_KEY_UIApplicationSceneManifest_Generation = YES;
				INFOPLIST_KEY_UIApplicationSupportsIndirectInputEvents = YES;
				INFOPLIST_KEY_UILaunchScreen_Generation = YES;
				INFOPLIST_KEY_UISupportedInterfaceOrientations_iPad = "UIInterfaceOrientationPortrait UIInterfaceOrientationPortraitUpsideDown UIInterfaceOrientationLandscapeLeft UIInterfaceOrientationLandscapeRight";
				INFOPLIST_KEY_UISupportedInterfaceOrientations_iPhone = "UIInterfaceOrientationPortrait UIInterfaceOrientationLandscapeLeft UIInterfaceOrientationLandscapeRight";
				LD_RUNPATH_SEARCH_PATHS = (
					"$(inherited)",
					"@executable_path/Frameworks",
				);
				MARKETING_VERSION = 1.0;
				PRODUCT_BUNDLE_IDENTIFIER = availe.Pronouncer;
				PRODUCT_NAME = "$(TARGET_NAME)";
				SWIFT_EMIT_LOC_STRINGS = YES;
				SWIFT_VERSION = 5.0;
				TARGETED_DEVICE_FAMILY = "1,2";
			};
			name = Debug;
		};
		F00E95802B082CBE008FD1C8 /* Release */ = {
			isa = XCBuildConfiguration;
			buildSettings = {
				ASSETCATALOG_COMPILER_APPICON_NAME = AppIcon;
				ASSETCATALOG_COMPILER_GLOBAL_ACCENT_COLOR_NAME = AccentColor;
				CODE_SIGN_STYLE = Automatic;
				CURRENT_PROJECT_VERSION = 1;
				DEVELOPMENT_ASSET_PATHS = "\"Pronouncer/Preview Content\"";
				DEVELOPMENT_TEAM = 7LSP43VWW5;
				ENABLE_PREVIEWS = YES;
				GENERATE_INFOPLIST_FILE = YES;
				INFOPLIST_KEY_UIApplicationSceneManifest_Generation = YES;
				INFOPLIST_KEY_UIApplicationSupportsIndirectInputEvents = YES;
				INFOPLIST_KEY_UILaunchScreen_Generation = YES;
				INFOPLIST_KEY_UISupportedInterfaceOrientations_iPad = "UIInterfaceOrientationPortrait UIInterfaceOrientationPortraitUpsideDown UIInterfaceOrientationLandscapeLeft UIInterfaceOrientationLandscapeRight";
				INFOPLIST_KEY_UISupportedInterfaceOrientations_iPhone = "UIInterfaceOrientationPortrait UIInterfaceOrientationLandscapeLeft UIInterfaceOrientationLandscapeRight";
				LD_RUNPATH_SEARCH_PATHS = (
					"$(inherited)",
					"@executable_path/Frameworks",
				);
				MARKETING_VERSION = 1.0;
				PRODUCT_BUNDLE_IDENTIFIER = availe.Pronouncer;
				PRODUCT_NAME = "$(TARGET_NAME)";
				SWIFT_EMIT_LOC_STRINGS = YES;
				SWIFT_VERSION = 5.0;
				TARGETED_DEVICE_FAMILY = "1,2";
			};
			name = Release;
		};
		F00E95822B082CBE008FD1C8 /* Debug */ = {
			isa = XCBuildConfiguration;
			buildSettings = {
				ALWAYS_EMBED_SWIFT_STANDARD_LIBRARIES = YES;
				BUNDLE_LOADER = "$(TEST_HOST)";
				CODE_SIGN_STYLE = Automatic;
				CURRENT_PROJECT_VERSION = 1;
				DEVELOPMENT_TEAM = 7LSP43VWW5;
				GENERATE_INFOPLIST_FILE = YES;
				IPHONEOS_DEPLOYMENT_TARGET = 17.0;
				MARKETING_VERSION = 1.0;
				PRODUCT_BUNDLE_IDENTIFIER = availe.PronouncerTests;
				PRODUCT_NAME = "$(TARGET_NAME)";
				SWIFT_EMIT_LOC_STRINGS = NO;
				SWIFT_VERSION = 5.0;
				TARGETED_DEVICE_FAMILY = "1,2";
				TEST_HOST = "$(BUILT_PRODUCTS_DIR)/Pronouncer.app/$(BUNDLE_EXECUTABLE_FOLDER_PATH)/Pronouncer";
			};
			name = Debug;
		};
		F00E95832B082CBE008FD1C8 /* Release */ = {
			isa = XCBuildConfiguration;
			buildSettings = {
				ALWAYS_EMBED_SWIFT_STANDARD_LIBRARIES = YES;
				BUNDLE_LOADER = "$(TEST_HOST)";
				CODE_SIGN_STYLE = Automatic;
				CURRENT_PROJECT_VERSION = 1;
				DEVELOPMENT_TEAM = 7LSP43VWW5;
				GENERATE_INFOPLIST_FILE = YES;
				IPHONEOS_DEPLOYMENT_TARGET = 17.0;
				MARKETING_VERSION = 1.0;
				PRODUCT_BUNDLE_IDENTIFIER = availe.PronouncerTests;
				PRODUCT_NAME = "$(TARGET_NAME)";
				SWIFT_EMIT_LOC_STRINGS = NO;
				SWIFT_VERSION = 5.0;
				TARGETED_DEVICE_FAMILY = "1,2";
				TEST_HOST = "$(BUILT_PRODUCTS_DIR)/Pronouncer.app/$(BUNDLE_EXECUTABLE_FOLDER_PATH)/Pronouncer";
			};
			name = Release;
		};
		F00E95852B082CBE008FD1C8 /* Debug */ = {
			isa = XCBuildConfiguration;
			buildSettings = {
				ALWAYS_EMBED_SWIFT_STANDARD_LIBRARIES = YES;
				CODE_SIGN_STYLE = Automatic;
				CURRENT_PROJECT_VERSION = 1;
				DEVELOPMENT_TEAM = 7LSP43VWW5;
				GENERATE_INFOPLIST_FILE = YES;
				MARKETING_VERSION = 1.0;
				PRODUCT_BUNDLE_IDENTIFIER = availe.PronouncerUITests;
				PRODUCT_NAME = "$(TARGET_NAME)";
				SWIFT_EMIT_LOC_STRINGS = NO;
				SWIFT_VERSION = 5.0;
				TARGETED_DEVICE_FAMILY = "1,2";
				TEST_TARGET_NAME = Pronouncer;
			};
			name = Debug;
		};
		F00E95862B082CBE008FD1C8 /* Release */ = {
			isa = XCBuildConfiguration;
			buildSettings = {
				ALWAYS_EMBED_SWIFT_STANDARD_LIBRARIES = YES;
				CODE_SIGN_STYLE = Automatic;
				CURRENT_PROJECT_VERSION = 1;
				DEVELOPMENT_TEAM = 7LSP43VWW5;
				GENERATE_INFOPLIST_FILE = YES;
				MARKETING_VERSION = 1.0;
				PRODUCT_BUNDLE_IDENTIFIER = availe.PronouncerUITests;
				PRODUCT_NAME = "$(TARGET_NAME)";
				SWIFT_EMIT_LOC_STRINGS = NO;
				SWIFT_VERSION = 5.0;
				TARGETED_DEVICE_FAMILY = "1,2";
				TEST_TARGET_NAME = Pronouncer;
			};
			name = Release;
		};
/* End XCBuildConfiguration section */

/* Begin XCConfigurationList section */
		F00E95552B082CBC008FD1C8 /* Build configuration list for PBXProject "Pronouncer" */ = {
			isa = XCConfigurationList;
			buildConfigurations = (
				F00E957C2B082CBE008FD1C8 /* Debug */,
				F00E957D2B082CBE008FD1C8 /* Release */,
			);
			defaultConfigurationIsVisible = 0;
			defaultConfigurationName = Release;
		};
		F00E957E2B082CBE008FD1C8 /* Build configuration list for PBXNativeTarget "Pronouncer" */ = {
			isa = XCConfigurationList;
			buildConfigurations = (
				F00E957F2B082CBE008FD1C8 /* Debug */,
				F00E95802B082CBE008FD1C8 /* Release */,
			);
			defaultConfigurationIsVisible = 0;
			defaultConfigurationName = Release;
		};
		F00E95812B082CBE008FD1C8 /* Build configuration list for PBXNativeTarget "PronouncerTests" */ = {
			isa = XCConfigurationList;
			buildConfigurations = (
				F00E95822B082CBE008FD1C8 /* Debug */,
				F00E95832B082CBE008FD1C8 /* Release */,
			);
			defaultConfigurationIsVisible = 0;
			defaultConfigurationName = Release;
		};
		F00E95842B082CBE008FD1C8 /* Build configuration list for PBXNativeTarget "PronouncerUITests" */ = {
			isa = XCConfigurationList;
			buildConfigurations = (
				F00E95852B082CBE008FD1C8 /* Debug */,
				F00E95862B082CBE008FD1C8 /* Release */,
			);
			defaultConfigurationIsVisible = 0;
			defaultConfigurationName = Release;
		};
/* End XCConfigurationList section */
	};
	rootObject = F00E95522B082CBC008FD1C8 /* Project object */;
}
